
Microsoft Visual Studio Solution File, Format Version 12.00
# Visual Studio Version 17
VisualStudioVersion = 17.0.31903.59
MinimumVisualStudioVersion = 10.0.40219.1
Project("{FAE04EC0-301F-11D3-BF4B-00C04F79EFBC}") = "RimeApi", "RimeApi\RimeApi.csproj", "{096EC7CC-B329-4323-9493-20E5519F5973}"
EndProject
Project("{FAE04EC0-301F-11D3-BF4B-00C04F79EFBC}") = "CsShared", "CsShared\CsShared.csproj", "{68DD3D64-2977-4B94-9CEB-2964FF6DAE5B}"
EndProject
Project("{FAE04EC0-301F-11D3-BF4B-00C04F79EFBC}") = "RimeApi.Console", "RimeApi.Console\RimeApi.Console.csproj", "{7F44965E-B8EE-4B90-81C2-9AD07BCD3822}"
EndProject
Global
	GlobalSection(SolutionConfigurationPlatforms) = preSolution
		Debug|Any CPU = Debug|Any CPU
		Release|Any CPU = Release|Any CPU
	EndGlobalSection
	GlobalSection(SolutionProperties) = preSolution
		HideSolutionNode = FALSE
	EndGlobalSection
	GlobalSection(ProjectConfigurationPlatforms) = postSolution
		{096EC7CC-B329-4323-9493-20E5519F5973}.Debug|Any CPU.ActiveCfg = Debug|Any CPU
		{096EC7CC-B329-4323-9493-20E5519F5973}.Debug|Any CPU.Build.0 = Debug|Any CPU
		{096EC7CC-B329-4323-9493-20E5519F5973}.Release|Any CPU.ActiveCfg = Release|Any CPU
		{096EC7CC-B329-4323-9493-20E5519F5973}.Release|Any CPU.Build.0 = Release|Any CPU
		{68DD3D64-2977-4B94-9CEB-2964FF6DAE5B}.Debug|Any CPU.ActiveCfg = Debug|Any CPU
		{68DD3D64-2977-4B94-9CEB-2964FF6DAE5B}.Debug|Any CPU.Build.0 = Debug|Any CPU
		{68DD3D64-2977-4B94-9CEB-2964FF6DAE5B}.Release|Any CPU.ActiveCfg = Release|Any CPU
		{68DD3D64-2977-4B94-9CEB-2964FF6DAE5B}.Release|Any CPU.Build.0 = Release|Any CPU
		{7F44965E-B8EE-4B90-81C2-9AD07BCD3822}.Debug|Any CPU.ActiveCfg = Debug|Any CPU
		{7F44965E-B8EE-4B90-81C2-9AD07BCD3822}.Debug|Any CPU.Build.0 = Debug|Any CPU
		{7F44965E-B8EE-4B90-81C2-9AD07BCD3822}.Release|Any CPU.ActiveCfg = Release|Any CPU
		{7F44965E-B8EE-4B90-81C2-9AD07BCD3822}.Release|Any CPU.Build.0 = Release|Any CPU
	EndGlobalSection
EndGlobal
